
Microsoft Visual Studio Solution File, Format Version 11.00
# Visual Studio 2013
Project("{8BC9CEB8-8B4A-11D0-8D11-00A0C91BC942}") = "RemoveDiacritics.sln", "RemoveDiacritics.vcxproj", "{37280C72-693D-487D-8466-E82BD5FADF4A}"
EndProject
Global
	GlobalSection(SubversionScc) = preSolution
		Svn-Managed = True
		Manager = AnkhSVN - Subversion Support for Visual Studio
	EndGlobalSection
	GlobalSection(SolutionConfigurationPlatforms) = preSolution
		Debug|Win32 = Debug|Win32
		Release|Win32 = Release|Win32
	EndGlobalSection
	GlobalSection(ProjectConfigurationPlatforms) = postSolution
		{37280C72-693D-487D-8466-E82BD5FADF4A}.Debug|Win32.ActiveCfg = Debug|Win32
		{37280C72-693D-487D-8466-E82BD5FADF4A}.Debug|Win32.Build.0 = Debug|Win32
		{37280C72-693D-487D-8466-E82BD5FADF4A}.Release|Win32.ActiveCfg = Release|Win32
		{37280C72-693D-487D-8466-E82BD5FADF4A}.Release|Win32.Build.0 = Release|Win32
	EndGlobalSection
	GlobalSection(SolutionProperties) = preSolution
		HideSolutionNode = FALSE
	EndGlobalSection
EndGlobal
